
Microsoft Visual Studio Solution File, Format Version 12.00
# Visual Studio Version 17
VisualStudioVersion = 17.10.35013.160
MinimumVisualStudioVersion = 10.0.40219.1
Project("{FAE04EC0-301F-11D3-BF4B-00C04F79EFBC}") = "DyavolskayaKontora", "DyavolskayaKontora.csproj", "{6A131ECC-3599-4BAE-891F-1C0409CEEB91}"
EndProject
Global
	GlobalSection(SolutionConfigurationPlatforms) = preSolution
		Debug|Any CPU = Debug|Any CPU
		Release|Any CPU = Release|Any CPU
	EndGlobalSection
	GlobalSection(ProjectConfigurationPlatforms) = postSolution
		{6A131ECC-3599-4BAE-891F-1C0409CEEB91}.Debug|Any CPU.ActiveCfg = Debug|Any CPU
		{6A131ECC-3599-4BAE-891F-1C0409CEEB91}.Debug|Any CPU.Build.0 = Debug|Any CPU
		{6A131ECC-3599-4BAE-891F-1C0409CEEB91}.Release|Any CPU.ActiveCfg = Release|Any CPU
		{6A131ECC-3599-4BAE-891F-1C0409CEEB91}.Release|Any CPU.Build.0 = Release|Any CPU
	EndGlobalSection
	GlobalSection(SolutionProperties) = preSolution
		HideSolutionNode = FALSE
	EndGlobalSection
	GlobalSection(ExtensibilityGlobals) = postSolution
		SolutionGuid = {5273E37D-38AE-4621-9CDB-CBA647263FC4}
	EndGlobalSection
EndGlobal
